# THIS IS AN AUTOGENERATED FILE. DO NOT EDIT THIS FILE DIRECTLY.
# yarn lockfile v1


"@zeainc/zea-engine@^0.0.95":
  version "0.0.95"
  resolved "https://registry.yarnpkg.com/@zeainc/zea-engine/-/zea-engine-0.0.95.tgz#4eff1c8e3de4e5d51927ed4f80aa0f148ed7e40d"
  integrity sha512-h+ROtfMI0uHnAsHDjPLR2HZRRQFvBzH/RY6N9xtVSl6/jI9JbxWkkqHWHpT/OSx2YrJxR2ft2meigI97EGD5jA==
